
Microsoft Visual Studio Solution File, Format Version 12.00
# Visual Studio Version 16
VisualStudioVersion = 16.0.30225.117
MinimumVisualStudioVersion = 10.0.40219.1
Project("{FAE04EC0-301F-11D3-BF4B-00C04F79EFBC}") = "roma", "roma.csproj", "{340F7D6C-524E-41A4-B4B6-5571B001444E}"
EndProject
Global
	GlobalSection(SolutionConfigurationPlatforms) = preSolution
		Debug|Any CPU = Debug|Any CPU
		Release|Any CPU = Release|Any CPU
	EndGlobalSection
	GlobalSection(ProjectConfigurationPlatforms) = postSolution
		{340F7D6C-524E-41A4-B4B6-5571B001444E}.Debug|Any CPU.ActiveCfg = Debug|Any CPU
		{340F7D6C-524E-41A4-B4B6-5571B001444E}.Debug|Any CPU.Build.0 = Debug|Any CPU
		{340F7D6C-524E-41A4-B4B6-5571B001444E}.Release|Any CPU.ActiveCfg = Release|Any CPU
		{340F7D6C-524E-41A4-B4B6-5571B001444E}.Release|Any CPU.Build.0 = Release|Any CPU
	EndGlobalSection
	GlobalSection(SolutionProperties) = preSolution
		HideSolutionNode = FALSE
	EndGlobalSection
	GlobalSection(ExtensibilityGlobals) = postSolution
		SolutionGuid = {ECC313B1-01F6-4172-B670-FA4DCB39CD73}
	EndGlobalSection
EndGlobal
